
Microsoft Visual Studio Solution File, Format Version 12.00
# Visual Studio Version 17
VisualStudioVersion = 17.5.002.0
MinimumVisualStudioVersion = 10.0.40219.1
Project("{9A19103F-16F7-4668-BE54-9A1E7A4F7556}") = "Example013_RecursionAlgoritm", "Example013_RecursionAlgoritm.csproj", "{B1E53573-89F4-4167-B697-215B41AFD723}"
EndProject
Global
	GlobalSection(SolutionConfigurationPlatforms) = preSolution
		Debug|Any CPU = Debug|Any CPU
		Release|Any CPU = Release|Any CPU
	EndGlobalSection
	GlobalSection(ProjectConfigurationPlatforms) = postSolution
		{B1E53573-89F4-4167-B697-215B41AFD723}.Debug|Any CPU.ActiveCfg = Debug|Any CPU
		{B1E53573-89F4-4167-B697-215B41AFD723}.Debug|Any CPU.Build.0 = Debug|Any CPU
		{B1E53573-89F4-4167-B697-215B41AFD723}.Release|Any CPU.ActiveCfg = Release|Any CPU
		{B1E53573-89F4-4167-B697-215B41AFD723}.Release|Any CPU.Build.0 = Release|Any CPU
	EndGlobalSection
	GlobalSection(SolutionProperties) = preSolution
		HideSolutionNode = FALSE
	EndGlobalSection
	GlobalSection(ExtensibilityGlobals) = postSolution
		SolutionGuid = {A92BE686-DEAE-47B0-971F-692B852BD9E9}
	EndGlobalSection
EndGlobal
